// !$*UTF8*$!
{
	archiveVersion = 1;
	classes = {
	};
	objectVersion = 51;
	objects = {

/* Begin PBXBuildFile section */
		0E0A17CF248C287B002B53C0 /* Struct_detail.swift in Sources */ = {isa = PBXBuildFile; fileRef = 0E0A17CE248C287B002B53C0 /* Struct_detail.swift */; };
		0E0A17D1248C41B5002B53C0 /* DetailService.swift in Sources */ = {isa = PBXBuildFile; fileRef = 0E0A17D0248C41B5002B53C0 /* DetailService.swift */; };
		3DB41EE8248BF21400C826D7 /* WorkingCell.swift in Sources */ = {isa = PBXBuildFile; fileRef = 3DB41EE7248BF21400C826D7 /* WorkingCell.swift */; };
		3DB41EEA248C03B100C826D7 /* EndCell.swift in Sources */ = {isa = PBXBuildFile; fileRef = 3DB41EE9248C03B100C826D7 /* EndCell.swift */; };
		3DB41EEC248C082C00C826D7 /* ProjectList.swift in Sources */ = {isa = PBXBuildFile; fileRef = 3DB41EEB248C082C00C826D7 /* ProjectList.swift */; };
		5E5D8DD6248BC0CC00576E34 /* AppDelegate.swift in Sources */ = {isa = PBXBuildFile; fileRef = 5E5D8DD5248BC0CC00576E34 /* AppDelegate.swift */; };
		5E5D8DD8248BC0CC00576E34 /* SceneDelegate.swift in Sources */ = {isa = PBXBuildFile; fileRef = 5E5D8DD7248BC0CC00576E34 /* SceneDelegate.swift */; };
		5E5D8DDA248BC0CC00576E34 /* MainVC.swift in Sources */ = {isa = PBXBuildFile; fileRef = 5E5D8DD9248BC0CC00576E34 /* MainVC.swift */; };
		5E5D8DDD248BC0CC00576E34 /* Main.storyboard in Resources */ = {isa = PBXBuildFile; fileRef = 5E5D8DDB248BC0CC00576E34 /* Main.storyboard */; };
		5E5D8DDF248BC0D100576E34 /* Assets.xcassets in Resources */ = {isa = PBXBuildFile; fileRef = 5E5D8DDE248BC0D100576E34 /* Assets.xcassets */; };
		5E5D8DE2248BC0D100576E34 /* LaunchScreen.storyboard in Resources */ = {isa = PBXBuildFile; fileRef = 5E5D8DE0248BC0D100576E34 /* LaunchScreen.storyboard */; };
		5E5D8DF4248BC4F700576E34 /* ResponseResult.swift in Sources */ = {isa = PBXBuildFile; fileRef = 5E5D8DF3248BC4F700576E34 /* ResponseResult.swift */; };
		5E5D8DF6248BC50600576E34 /* Font.swift in Sources */ = {isa = PBXBuildFile; fileRef = 5E5D8DF5248BC50600576E34 /* Font.swift */; };
		5E5D8DF8248BC51300576E34 /* NetworkResult.swift in Sources */ = {isa = PBXBuildFile; fileRef = 5E5D8DF7248BC51300576E34 /* NetworkResult.swift */; };
		5E5D8DFA248BC51F00576E34 /* UIImageView+Extension.swift in Sources */ = {isa = PBXBuildFile; fileRef = 5E5D8DF9248BC51F00576E34 /* UIImageView+Extension.swift */; };
		5E5D8DFE248BCA0000576E34 /* Detail.storyboard in Resources */ = {isa = PBXBuildFile; fileRef = 5E5D8DFD248BCA0000576E34 /* Detail.storyboard */; };
		5E5D8E00248BCA0F00576E34 /* MyPage.storyboard in Resources */ = {isa = PBXBuildFile; fileRef = 5E5D8DFF248BCA0F00576E34 /* MyPage.storyboard */; };
		5E5D8E06248BCA4B00576E34 /* DetailVC.swift in Sources */ = {isa = PBXBuildFile; fileRef = 5E5D8E05248BCA4B00576E34 /* DetailVC.swift */; };
		5E5D8E08248BCA5B00576E34 /* MyPageVC.swift in Sources */ = {isa = PBXBuildFile; fileRef = 5E5D8E07248BCA5B00576E34 /* MyPageVC.swift */; };
		5E5D8E0C248BCF8600576E34 /* APIConstants.swift in Sources */ = {isa = PBXBuildFile; fileRef = 5E5D8E0B248BCF8600576E34 /* APIConstants.swift */; };
		5E5D8E0E248BD31A00576E34 /* UIView+Extension.swift in Sources */ = {isa = PBXBuildFile; fileRef = 5E5D8E0D248BD31A00576E34 /* UIView+Extension.swift */; };
		5E5D8E10248BD32E00576E34 /* Date+Extension.swift in Sources */ = {isa = PBXBuildFile; fileRef = 5E5D8E0F248BD32E00576E34 /* Date+Extension.swift */; };
		5E5D8E12248BD34100576E34 /* UITabelView+Extension.swift in Sources */ = {isa = PBXBuildFile; fileRef = 5E5D8E11248BD34100576E34 /* UITabelView+Extension.swift */; };
		5E5D8E16248BEABE00576E34 /* MainTVC.swift in Sources */ = {isa = PBXBuildFile; fileRef = 5E5D8E14248BEABE00576E34 /* MainTVC.swift */; };
		5E5D8E17248BEABE00576E34 /* MainTVC.xib in Resources */ = {isa = PBXBuildFile; fileRef = 5E5D8E15248BEABE00576E34 /* MainTVC.xib */; };
		5E5D8E1B248BEB5500576E34 /* MainTVHV.swift in Sources */ = {isa = PBXBuildFile; fileRef = 5E5D8E1A248BEB5500576E34 /* MainTVHV.swift */; };
		5E5D8E1D248BEB6300576E34 /* MainTVHV.xib in Resources */ = {isa = PBXBuildFile; fileRef = 5E5D8E1C248BEB6300576E34 /* MainTVHV.xib */; };
		5E5D8E22248BF19700576E34 /* MainCVC.swift in Sources */ = {isa = PBXBuildFile; fileRef = 5E5D8E20248BF19700576E34 /* MainCVC.swift */; };
		5E5D8E23248BF19700576E34 /* MainCVC.xib in Resources */ = {isa = PBXBuildFile; fileRef = 5E5D8E21248BF19700576E34 /* MainCVC.xib */; };
		5E5D8E25248C17C700576E34 /* UIColor+Extension.swift in Sources */ = {isa = PBXBuildFile; fileRef = 5E5D8E24248C17C700576E34 /* UIColor+Extension.swift */; };
		5E5D8E27248C1AFC00576E34 /* UIViewController.swift in Sources */ = {isa = PBXBuildFile; fileRef = 5E5D8E26248C1AFC00576E34 /* UIViewController.swift */; };
		5E5D8E29248C1C4300576E34 /* String+Extension.swift in Sources */ = {isa = PBXBuildFile; fileRef = 5E5D8E28248C1C4300576E34 /* String+Extension.swift */; };
		5E5D8E2B248C3BA700576E34 /* DetailService.swift in Sources */ = {isa = PBXBuildFile; fileRef = 5E5D8E2A248C3BA700576E34 /* DetailService.swift */; };
		5E5D8E2D248C3F9500576E34 /* MainService.swift in Sources */ = {isa = PBXBuildFile; fileRef = 5E5D8E2C248C3F9500576E34 /* MainService.swift */; };
		5E5D8E2F248C404000576E34 /* MainModel.swift in Sources */ = {isa = PBXBuildFile; fileRef = 5E5D8E2E248C404000576E34 /* MainModel.swift */; };
		D7EE07A06EA2F6EAB543242B /* Pods_Bangmoon.framework in Frameworks */ = {isa = PBXBuildFile; fileRef = 215A6299116B001832FF49AD /* Pods_Bangmoon.framework */; };
/* End PBXBuildFile section */

/* Begin PBXFileReference section */
		0E0A17CE248C287B002B53C0 /* Struct_detail.swift */ = {isa = PBXFileReference; lastKnownFileType = sourcecode.swift; path = Struct_detail.swift; sourceTree = "<group>"; };
		0E0A17D0248C41B5002B53C0 /* DetailService.swift */ = {isa = PBXFileReference; lastKnownFileType = sourcecode.swift; path = DetailService.swift; sourceTree = "<group>"; };
		215A6299116B001832FF49AD /* Pods_Bangmoon.framework */ = {isa = PBXFileReference; explicitFileType = wrapper.framework; includeInIndex = 0; path = Pods_Bangmoon.framework; sourceTree = BUILT_PRODUCTS_DIR; };
		3DB41EE7248BF21400C826D7 /* WorkingCell.swift */ = {isa = PBXFileReference; lastKnownFileType = sourcecode.swift; path = WorkingCell.swift; sourceTree = "<group>"; };
		3DB41EE9248C03B100C826D7 /* EndCell.swift */ = {isa = PBXFileReference; lastKnownFileType = sourcecode.swift; path = EndCell.swift; sourceTree = "<group>"; };
		3DB41EEB248C082C00C826D7 /* ProjectList.swift */ = {isa = PBXFileReference; lastKnownFileType = sourcecode.swift; path = ProjectList.swift; sourceTree = "<group>"; };
		5E5D8DD2248BC0CC00576E34 /* Bangmoon.app */ = {isa = PBXFileReference; explicitFileType = wrapper.application; includeInIndex = 0; path = Bangmoon.app; sourceTree = BUILT_PRODUCTS_DIR; };
		5E5D8DD5248BC0CC00576E34 /* AppDelegate.swift */ = {isa = PBXFileReference; lastKnownFileType = sourcecode.swift; path = AppDelegate.swift; sourceTree = "<group>"; };
		5E5D8DD7248BC0CC00576E34 /* SceneDelegate.swift */ = {isa = PBXFileReference; lastKnownFileType = sourcecode.swift; path = SceneDelegate.swift; sourceTree = "<group>"; };
		5E5D8DD9248BC0CC00576E34 /* MainVC.swift */ = {isa = PBXFileReference; lastKnownFileType = sourcecode.swift; path = MainVC.swift; sourceTree = "<group>"; };
		5E5D8DDC248BC0CC00576E34 /* Base */ = {isa = PBXFileReference; lastKnownFileType = file.storyboard; name = Base; path = Base.lproj/Main.storyboard; sourceTree = "<group>"; };
		5E5D8DDE248BC0D100576E34 /* Assets.xcassets */ = {isa = PBXFileReference; lastKnownFileType = folder.assetcatalog; path = Assets.xcassets; sourceTree = "<group>"; };
		5E5D8DE1248BC0D100576E34 /* Base */ = {isa = PBXFileReference; lastKnownFileType = file.storyboard; name = Base; path = Base.lproj/LaunchScreen.storyboard; sourceTree = "<group>"; };
		5E5D8DE3248BC0D100576E34 /* Info.plist */ = {isa = PBXFileReference; lastKnownFileType = text.plist.xml; path = Info.plist; sourceTree = "<group>"; };
		5E5D8DF3248BC4F700576E34 /* ResponseResult.swift */ = {isa = PBXFileReference; lastKnownFileType = sourcecode.swift; path = ResponseResult.swift; sourceTree = "<group>"; };
		5E5D8DF5248BC50600576E34 /* Font.swift */ = {isa = PBXFileReference; lastKnownFileType = sourcecode.swift; path = Font.swift; sourceTree = "<group>"; };
		5E5D8DF7248BC51300576E34 /* NetworkResult.swift */ = {isa = PBXFileReference; lastKnownFileType = sourcecode.swift; path = NetworkResult.swift; sourceTree = "<group>"; };
		5E5D8DF9248BC51F00576E34 /* UIImageView+Extension.swift */ = {isa = PBXFileReference; lastKnownFileType = sourcecode.swift; path = "UIImageView+Extension.swift"; sourceTree = "<group>"; };
		5E5D8DFD248BCA0000576E34 /* Detail.storyboard */ = {isa = PBXFileReference; lastKnownFileType = file.storyboard; path = Detail.storyboard; sourceTree = "<group>"; };
		5E5D8DFF248BCA0F00576E34 /* MyPage.storyboard */ = {isa = PBXFileReference; lastKnownFileType = file.storyboard; path = MyPage.storyboard; sourceTree = "<group>"; };
		5E5D8E05248BCA4B00576E34 /* DetailVC.swift */ = {isa = PBXFileReference; lastKnownFileType = sourcecode.swift; path = DetailVC.swift; sourceTree = "<group>"; };
		5E5D8E07248BCA5B00576E34 /* MyPageVC.swift */ = {isa = PBXFileReference; lastKnownFileType = sourcecode.swift; path = MyPageVC.swift; sourceTree = "<group>"; };
		5E5D8E0B248BCF8600576E34 /* APIConstants.swift */ = {isa = PBXFileReference; lastKnownFileType = sourcecode.swift; path = APIConstants.swift; sourceTree = "<group>"; };
		5E5D8E0D248BD31A00576E34 /* UIView+Extension.swift */ = {isa = PBXFileReference; lastKnownFileType = sourcecode.swift; path = "UIView+Extension.swift"; sourceTree = "<group>"; };
		5E5D8E0F248BD32E00576E34 /* Date+Extension.swift */ = {isa = PBXFileReference; lastKnownFileType = sourcecode.swift; path = "Date+Extension.swift"; sourceTree = "<group>"; };
		5E5D8E11248BD34100576E34 /* UITabelView+Extension.swift */ = {isa = PBXFileReference; lastKnownFileType = sourcecode.swift; path = "UITabelView+Extension.swift"; sourceTree = "<group>"; };
		5E5D8E14248BEABE00576E34 /* MainTVC.swift */ = {isa = PBXFileReference; lastKnownFileType = sourcecode.swift; path = MainTVC.swift; sourceTree = "<group>"; };
		5E5D8E15248BEABE00576E34 /* MainTVC.xib */ = {isa = PBXFileReference; lastKnownFileType = file.xib; path = MainTVC.xib; sourceTree = "<group>"; };
		5E5D8E1A248BEB5500576E34 /* MainTVHV.swift */ = {isa = PBXFileReference; lastKnownFileType = sourcecode.swift; path = MainTVHV.swift; sourceTree = "<group>"; };
		5E5D8E1C248BEB6300576E34 /* MainTVHV.xib */ = {isa = PBXFileReference; lastKnownFileType = file.xib; path = MainTVHV.xib; sourceTree = "<group>"; };
		5E5D8E20248BF19700576E34 /* MainCVC.swift */ = {isa = PBXFileReference; lastKnownFileType = sourcecode.swift; path = MainCVC.swift; sourceTree = "<group>"; };
		5E5D8E21248BF19700576E34 /* MainCVC.xib */ = {isa = PBXFileReference; lastKnownFileType = file.xib; path = MainCVC.xib; sourceTree = "<group>"; };
		5E5D8E24248C17C700576E34 /* UIColor+Extension.swift */ = {isa = PBXFileReference; lastKnownFileType = sourcecode.swift; path = "UIColor+Extension.swift"; sourceTree = "<group>"; };
		5E5D8E26248C1AFC00576E34 /* UIViewController.swift */ = {isa = PBXFileReference; lastKnownFileType = sourcecode.swift; path = UIViewController.swift; sourceTree = "<group>"; };
		5E5D8E28248C1C4300576E34 /* String+Extension.swift */ = {isa = PBXFileReference; lastKnownFileType = sourcecode.swift; path = "String+Extension.swift"; sourceTree = "<group>"; };
		5E5D8E2A248C3BA700576E34 /* DetailService.swift */ = {isa = PBXFileReference; lastKnownFileType = sourcecode.swift; path = DetailService.swift; sourceTree = "<group>"; };
		5E5D8E2C248C3F9500576E34 /* MainService.swift */ = {isa = PBXFileReference; lastKnownFileType = sourcecode.swift; path = MainService.swift; sourceTree = "<group>"; };
		5E5D8E2E248C404000576E34 /* MainModel.swift */ = {isa = PBXFileReference; lastKnownFileType = sourcecode.swift; path = MainModel.swift; sourceTree = "<group>"; };
		821946333EC178FF8B461AFD /* Pods-Bangmoon.debug.xcconfig */ = {isa = PBXFileReference; includeInIndex = 1; lastKnownFileType = text.xcconfig; name = "Pods-Bangmoon.debug.xcconfig"; path = "Target Support Files/Pods-Bangmoon/Pods-Bangmoon.debug.xcconfig"; sourceTree = "<group>"; };
		CC650A4003572A0164E29605 /* Pods-Bangmoon.release.xcconfig */ = {isa = PBXFileReference; includeInIndex = 1; lastKnownFileType = text.xcconfig; name = "Pods-Bangmoon.release.xcconfig"; path = "Target Support Files/Pods-Bangmoon/Pods-Bangmoon.release.xcconfig"; sourceTree = "<group>"; };
/* End PBXFileReference section */

/* Begin PBXFrameworksBuildPhase section */
		5E5D8DCF248BC0CC00576E34 /* Frameworks */ = {
			isa = PBXFrameworksBuildPhase;
			buildActionMask = 2147483647;
			files = (
				D7EE07A06EA2F6EAB543242B /* Pods_Bangmoon.framework in Frameworks */,
			);
			runOnlyForDeploymentPostprocessing = 0;
		};
/* End PBXFrameworksBuildPhase section */

/* Begin PBXGroup section */
		0E0A17CB248C0FED002B53C0 /* Detail_Struct */ = {
			isa = PBXGroup;
			children = (
				0E0A17CE248C287B002B53C0 /* Struct_detail.swift */,
			);
			path = Detail_Struct;
			sourceTree = "<group>";
		};
		27EDCBEA0A1B984C204EA73D /* Pods */ = {
			isa = PBXGroup;
			children = (
				821946333EC178FF8B461AFD /* Pods-Bangmoon.debug.xcconfig */,
				CC650A4003572A0164E29605 /* Pods-Bangmoon.release.xcconfig */,
			);
			path = Pods;
			sourceTree = "<group>";
		};
		445106E9CDE86990CD3B18D0 /* Frameworks */ = {
			isa = PBXGroup;
			children = (
				215A6299116B001832FF49AD /* Pods_Bangmoon.framework */,
			);
			name = Frameworks;
			sourceTree = "<group>";
		};
		5E5D8DC9248BC0CC00576E34 = {
			isa = PBXGroup;
			children = (
				5E5D8DD4248BC0CC00576E34 /* Bangmoon */,
				5E5D8DD3248BC0CC00576E34 /* Products */,
				27EDCBEA0A1B984C204EA73D /* Pods */,
				445106E9CDE86990CD3B18D0 /* Frameworks */,
			);
			sourceTree = "<group>";
		};
		5E5D8DD3248BC0CC00576E34 /* Products */ = {
			isa = PBXGroup;
			children = (
				5E5D8DD2248BC0CC00576E34 /* Bangmoon.app */,
			);
			name = Products;
			sourceTree = "<group>";
		};
		5E5D8DD4248BC0CC00576E34 /* Bangmoon */ = {
			isa = PBXGroup;
			children = (
				5E5D8DEA248BC39100576E34 /* Resource */,
				5E5D8DEB248BC39500576E34 /* Source */,
				5E5D8DE9248BC38700576E34 /* Supporting Files */,
			);
			path = Bangmoon;
			sourceTree = "<group>";
		};
		5E5D8DE9248BC38700576E34 /* Supporting Files */ = {
			isa = PBXGroup;
			children = (
				5E5D8DE3248BC0D100576E34 /* Info.plist */,
				5E5D8DD5248BC0CC00576E34 /* AppDelegate.swift */,
				5E5D8DD7248BC0CC00576E34 /* SceneDelegate.swift */,
			);
			path = "Supporting Files";
			sourceTree = "<group>";
		};
		5E5D8DEA248BC39100576E34 /* Resource */ = {
			isa = PBXGroup;
			children = (
				5E5D8DDE248BC0D100576E34 /* Assets.xcassets */,
				5E5D8DE0248BC0D100576E34 /* LaunchScreen.storyboard */,
				5E5D8DF1248BC3DC00576E34 /* StoryBoards */,
			);
			path = Resource;
			sourceTree = "<group>";
		};
		5E5D8DEB248BC39500576E34 /* Source */ = {
			isa = PBXGroup;
			children = (
				0E0A17CB248C0FED002B53C0 /* Detail_Struct */,
				5E5D8DF0248BC3D400576E34 /* Extension */,
				5E5D8DEF248BC3CB00576E34 /* Service */,
				5E5D8DEE248BC3BA00576E34 /* Enum */,
				5E5D8DED248BC3B500576E34 /* Model */,
				5E5D8DEC248BC3AF00576E34 /* ViewController */,
			);
			path = Source;
			sourceTree = "<group>";
		};
		5E5D8DEC248BC3AF00576E34 /* ViewController */ = {
			isa = PBXGroup;
			children = (
				5E5D8E04248BCA2000576E34 /* Main */,
				5E5D8E03248BCA1D00576E34 /* Detail */,
				5E5D8E01248BCA1200576E34 /* MyPage */,
			);
			path = ViewController;
			sourceTree = "<group>";
		};
		5E5D8DED248BC3B500576E34 /* Model */ = {
			isa = PBXGroup;
			children = (
				5E5D8DF3248BC4F700576E34 /* ResponseResult.swift */,
				5E5D8E2E248C404000576E34 /* MainModel.swift */,
			);
			path = Model;
			sourceTree = "<group>";
		};
		5E5D8DEE248BC3BA00576E34 /* Enum */ = {
			isa = PBXGroup;
			children = (
				5E5D8DF5248BC50600576E34 /* Font.swift */,
			);
			path = Enum;
			sourceTree = "<group>";
		};
		5E5D8DEF248BC3CB00576E34 /* Service */ = {
			isa = PBXGroup;
			children = (
				5E5D8DF7248BC51300576E34 /* NetworkResult.swift */,
				5E5D8E0B248BCF8600576E34 /* APIConstants.swift */,
				5E5D8E2A248C3BA700576E34 /* DetailService.swift */,
				5E5D8E2C248C3F9500576E34 /* MainService.swift */,
			);
			path = Service;
			sourceTree = "<group>";
		};
		5E5D8DF0248BC3D400576E34 /* Extension */ = {
			isa = PBXGroup;
			children = (
				5E5D8DF9248BC51F00576E34 /* UIImageView+Extension.swift */,
				5E5D8E0D248BD31A00576E34 /* UIView+Extension.swift */,
				5E5D8E0F248BD32E00576E34 /* Date+Extension.swift */,
				5E5D8E11248BD34100576E34 /* UITabelView+Extension.swift */,
				5E5D8E24248C17C700576E34 /* UIColor+Extension.swift */,
				5E5D8E26248C1AFC00576E34 /* UIViewController.swift */,
				5E5D8E28248C1C4300576E34 /* String+Extension.swift */,
			);
			path = Extension;
			sourceTree = "<group>";
		};
		5E5D8DF1248BC3DC00576E34 /* StoryBoards */ = {
			isa = PBXGroup;
			children = (
				5E5D8DDB248BC0CC00576E34 /* Main.storyboard */,
				5E5D8DFD248BCA0000576E34 /* Detail.storyboard */,
				5E5D8DFF248BCA0F00576E34 /* MyPage.storyboard */,
			);
			path = StoryBoards;
			sourceTree = "<group>";
		};
		5E5D8E01248BCA1200576E34 /* MyPage */ = {
			isa = PBXGroup;
			children = (
				5E5D8E07248BCA5B00576E34 /* MyPageVC.swift */,
				3DB41EE7248BF21400C826D7 /* WorkingCell.swift */,
				3DB41EE9248C03B100C826D7 /* EndCell.swift */,
				3DB41EEB248C082C00C826D7 /* ProjectList.swift */,
			);
			path = MyPage;
			sourceTree = "<group>";
		};
		5E5D8E03248BCA1D00576E34 /* Detail */ = {
			isa = PBXGroup;
			children = (
				5E5D8E05248BCA4B00576E34 /* DetailVC.swift */,
				0E0A17D0248C41B5002B53C0 /* DetailService.swift */,
			);
			path = Detail;
			sourceTree = "<group>";
		};
		5E5D8E04248BCA2000576E34 /* Main */ = {
			isa = PBXGroup;
			children = (
				5E5D8E13248BEAA400576E34 /* Cell */,
				5E5D8DD9248BC0CC00576E34 /* MainVC.swift */,
			);
			path = Main;
			sourceTree = "<group>";
		};
		5E5D8E13248BEAA400576E34 /* Cell */ = {
			isa = PBXGroup;
			children = (
				5E5D8E14248BEABE00576E34 /* MainTVC.swift */,
				5E5D8E15248BEABE00576E34 /* MainTVC.xib */,
				5E5D8E1A248BEB5500576E34 /* MainTVHV.swift */,
				5E5D8E1C248BEB6300576E34 /* MainTVHV.xib */,
				5E5D8E20248BF19700576E34 /* MainCVC.swift */,
				5E5D8E21248BF19700576E34 /* MainCVC.xib */,
			);
			path = Cell;
			sourceTree = "<group>";
		};
/* End PBXGroup section */

/* Begin PBXNativeTarget section */
		5E5D8DD1248BC0CC00576E34 /* Bangmoon */ = {
			isa = PBXNativeTarget;
			buildConfigurationList = 5E5D8DE6248BC0D100576E34 /* Build configuration list for PBXNativeTarget "Bangmoon" */;
			buildPhases = (
				7F1611976184A090DD17F154 /* [CP] Check Pods Manifest.lock */,
				5E5D8DCE248BC0CC00576E34 /* Sources */,
				5E5D8DCF248BC0CC00576E34 /* Frameworks */,
				5E5D8DD0248BC0CC00576E34 /* Resources */,
				A1C17B8740606B124A8BF121 /* [CP] Embed Pods Frameworks */,
			);
			buildRules = (
			);
			dependencies = (
			);
			name = Bangmoon;
			productName = Bangmoon;
			productReference = 5E5D8DD2248BC0CC00576E34 /* Bangmoon.app */;
			productType = "com.apple.product-type.application";
		};
/* End PBXNativeTarget section */

/* Begin PBXProject section */
		5E5D8DCA248BC0CC00576E34 /* Project object */ = {
			isa = PBXProject;
			attributes = {
				LastSwiftUpdateCheck = 1150;
				LastUpgradeCheck = 1150;
				ORGANIZATIONNAME = Bangmoon;
				TargetAttributes = {
					5E5D8DD1248BC0CC00576E34 = {
						CreatedOnToolsVersion = 11.5;
					};
				};
			};
			buildConfigurationList = 5E5D8DCD248BC0CC00576E34 /* Build configuration list for PBXProject "Bangmoon" */;
			compatibilityVersion = "Xcode 9.3";
			developmentRegion = en;
			hasScannedForEncodings = 0;
			knownRegions = (
				en,
				Base,
			);
			mainGroup = 5E5D8DC9248BC0CC00576E34;
			productRefGroup = 5E5D8DD3248BC0CC00576E34 /* Products */;
			projectDirPath = "";
			projectRoot = "";
			targets = (
				5E5D8DD1248BC0CC00576E34 /* Bangmoon */,
			);
		};
/* End PBXProject section */

/* Begin PBXResourcesBuildPhase section */
		5E5D8DD0248BC0CC00576E34 /* Resources */ = {
			isa = PBXResourcesBuildPhase;
			buildActionMask = 2147483647;
			files = (
				5E5D8DE2248BC0D100576E34 /* LaunchScreen.storyboard in Resources */,
				5E5D8E00248BCA0F00576E34 /* MyPage.storyboard in Resources */,
				5E5D8DDF248BC0D100576E34 /* Assets.xcassets in Resources */,
				5E5D8DDD248BC0CC00576E34 /* Main.storyboard in Resources */,
				5E5D8E17248BEABE00576E34 /* MainTVC.xib in Resources */,
				5E5D8E23248BF19700576E34 /* MainCVC.xib in Resources */,
				5E5D8E1D248BEB6300576E34 /* MainTVHV.xib in Resources */,
				5E5D8DFE248BCA0000576E34 /* Detail.storyboard in Resources */,
			);
			runOnlyForDeploymentPostprocessing = 0;
		};
/* End PBXResourcesBuildPhase section */

/* Begin PBXShellScriptBuildPhase section */
		7F1611976184A090DD17F154 /* [CP] Check Pods Manifest.lock */ = {
			isa = PBXShellScriptBuildPhase;
			buildActionMask = 2147483647;
			files = (
			);
			inputFileListPaths = (
			);
			inputPaths = (
				"${PODS_PODFILE_DIR_PATH}/Podfile.lock",
				"${PODS_ROOT}/Manifest.lock",
			);
			name = "[CP] Check Pods Manifest.lock";
			outputFileListPaths = (
			);
			outputPaths = (
				"$(DERIVED_FILE_DIR)/Pods-Bangmoon-checkManifestLockResult.txt",
			);
			runOnlyForDeploymentPostprocessing = 0;
			shellPath = /bin/sh;
			shellScript = "diff \"${PODS_PODFILE_DIR_PATH}/Podfile.lock\" \"${PODS_ROOT}/Manifest.lock\" > /dev/null\nif [ $? != 0 ] ; then\n    # print error to STDERR\n    echo \"error: The sandbox is not in sync with the Podfile.lock. Run 'pod install' or update your CocoaPods installation.\" >&2\n    exit 1\nfi\n# This output is used by Xcode 'outputs' to avoid re-running this script phase.\necho \"SUCCESS\" > \"${SCRIPT_OUTPUT_FILE_0}\"\n";
			showEnvVarsInLog = 0;
		};
		A1C17B8740606B124A8BF121 /* [CP] Embed Pods Frameworks */ = {
			isa = PBXShellScriptBuildPhase;
			buildActionMask = 2147483647;
			files = (
			);
			inputFileListPaths = (
				"${PODS_ROOT}/Target Support Files/Pods-Bangmoon/Pods-Bangmoon-frameworks-${CONFIGURATION}-input-files.xcfilelist",
			);
			name = "[CP] Embed Pods Frameworks";
			outputFileListPaths = (
				"${PODS_ROOT}/Target Support Files/Pods-Bangmoon/Pods-Bangmoon-frameworks-${CONFIGURATION}-output-files.xcfilelist",
			);
			runOnlyForDeploymentPostprocessing = 0;
			shellPath = /bin/sh;
			shellScript = "\"${PODS_ROOT}/Target Support Files/Pods-Bangmoon/Pods-Bangmoon-frameworks.sh\"\n";
			showEnvVarsInLog = 0;
		};
/* End PBXShellScriptBuildPhase section */

/* Begin PBXSourcesBuildPhase section */
		5E5D8DCE248BC0CC00576E34 /* Sources */ = {
			isa = PBXSourcesBuildPhase;
			buildActionMask = 2147483647;
			files = (
				5E5D8E0E248BD31A00576E34 /* UIView+Extension.swift in Sources */,
				5E5D8E12248BD34100576E34 /* UITabelView+Extension.swift in Sources */,
				5E5D8E27248C1AFC00576E34 /* UIViewController.swift in Sources */,
				5E5D8E29248C1C4300576E34 /* String+Extension.swift in Sources */,
				5E5D8DDA248BC0CC00576E34 /* MainVC.swift in Sources */,
				3DB41EE8248BF21400C826D7 /* WorkingCell.swift in Sources */,
				5E5D8E1B248BEB5500576E34 /* MainTVHV.swift in Sources */,
				5E5D8E25248C17C700576E34 /* UIColor+Extension.swift in Sources */,
				5E5D8DD6248BC0CC00576E34 /* AppDelegate.swift in Sources */,
				5E5D8DFA248BC51F00576E34 /* UIImageView+Extension.swift in Sources */,
<<<<<<< Updated upstream
				5E5D8E2B248C3BA700576E34 /* DetailService.swift in Sources */,
=======
				0E0A17D1248C41B5002B53C0 /* DetailService.swift in Sources */,
>>>>>>> Stashed changes
				5E5D8DD8248BC0CC00576E34 /* SceneDelegate.swift in Sources */,
				5E5D8E2D248C3F9500576E34 /* MainService.swift in Sources */,
				3DB41EEA248C03B100C826D7 /* EndCell.swift in Sources */,
				5E5D8E10248BD32E00576E34 /* Date+Extension.swift in Sources */,
				5E5D8E08248BCA5B00576E34 /* MyPageVC.swift in Sources */,
				5E5D8E22248BF19700576E34 /* MainCVC.swift in Sources */,
				5E5D8DF6248BC50600576E34 /* Font.swift in Sources */,
				5E5D8E0C248BCF8600576E34 /* APIConstants.swift in Sources */,
				5E5D8E16248BEABE00576E34 /* MainTVC.swift in Sources */,
				5E5D8E06248BCA4B00576E34 /* DetailVC.swift in Sources */,
				5E5D8DF4248BC4F700576E34 /* ResponseResult.swift in Sources */,
				5E5D8DF4248BC4F700576E34 /* ResponseResult.swift in Sources */,
<<<<<<< Updated upstream
				5E5D8E2F248C404000576E34 /* MainModel.swift in Sources */,
=======
>>>>>>> Stashed changes
				0E0A17CF248C287B002B53C0 /* Struct_detail.swift in Sources */,
				5E5D8DF8248BC51300576E34 /* NetworkResult.swift in Sources */,
				3DB41EEC248C082C00C826D7 /* ProjectList.swift in Sources */,
			);
			runOnlyForDeploymentPostprocessing = 0;
		};
/* End PBXSourcesBuildPhase section */

/* Begin PBXVariantGroup section */
		5E5D8DDB248BC0CC00576E34 /* Main.storyboard */ = {
			isa = PBXVariantGroup;
			children = (
				5E5D8DDC248BC0CC00576E34 /* Base */,
			);
			name = Main.storyboard;
			sourceTree = "<group>";
		};
		5E5D8DE0248BC0D100576E34 /* LaunchScreen.storyboard */ = {
			isa = PBXVariantGroup;
			children = (
				5E5D8DE1248BC0D100576E34 /* Base */,
			);
			name = LaunchScreen.storyboard;
			sourceTree = "<group>";
		};
/* End PBXVariantGroup section */

/* Begin XCBuildConfiguration section */
		5E5D8DE4248BC0D100576E34 /* Debug */ = {
			isa = XCBuildConfiguration;
			buildSettings = {
				ALWAYS_SEARCH_USER_PATHS = NO;
				CLANG_ANALYZER_NONNULL = YES;
				CLANG_ANALYZER_NUMBER_OBJECT_CONVERSION = YES_AGGRESSIVE;
				CLANG_CXX_LANGUAGE_STANDARD = "gnu++14";
				CLANG_CXX_LIBRARY = "libc++";
				CLANG_ENABLE_MODULES = YES;
				CLANG_ENABLE_OBJC_ARC = YES;
				CLANG_ENABLE_OBJC_WEAK = YES;
				CLANG_WARN_BLOCK_CAPTURE_AUTORELEASING = YES;
				CLANG_WARN_BOOL_CONVERSION = YES;
				CLANG_WARN_COMMA = YES;
				CLANG_WARN_CONSTANT_CONVERSION = YES;
				CLANG_WARN_DEPRECATED_OBJC_IMPLEMENTATIONS = YES;
				CLANG_WARN_DIRECT_OBJC_ISA_USAGE = YES_ERROR;
				CLANG_WARN_DOCUMENTATION_COMMENTS = YES;
				CLANG_WARN_EMPTY_BODY = YES;
				CLANG_WARN_ENUM_CONVERSION = YES;
				CLANG_WARN_INFINITE_RECURSION = YES;
				CLANG_WARN_INT_CONVERSION = YES;
				CLANG_WARN_NON_LITERAL_NULL_CONVERSION = YES;
				CLANG_WARN_OBJC_IMPLICIT_RETAIN_SELF = YES;
				CLANG_WARN_OBJC_LITERAL_CONVERSION = YES;
				CLANG_WARN_OBJC_ROOT_CLASS = YES_ERROR;
				CLANG_WARN_RANGE_LOOP_ANALYSIS = YES;
				CLANG_WARN_STRICT_PROTOTYPES = YES;
				CLANG_WARN_SUSPICIOUS_MOVE = YES;
				CLANG_WARN_UNGUARDED_AVAILABILITY = YES_AGGRESSIVE;
				CLANG_WARN_UNREACHABLE_CODE = YES;
				CLANG_WARN__DUPLICATE_METHOD_MATCH = YES;
				COPY_PHASE_STRIP = NO;
				DEBUG_INFORMATION_FORMAT = dwarf;
				ENABLE_STRICT_OBJC_MSGSEND = YES;
				ENABLE_TESTABILITY = YES;
				GCC_C_LANGUAGE_STANDARD = gnu11;
				GCC_DYNAMIC_NO_PIC = NO;
				GCC_NO_COMMON_BLOCKS = YES;
				GCC_OPTIMIZATION_LEVEL = 0;
				GCC_PREPROCESSOR_DEFINITIONS = (
					"DEBUG=1",
					"$(inherited)",
				);
				GCC_WARN_64_TO_32_BIT_CONVERSION = YES;
				GCC_WARN_ABOUT_RETURN_TYPE = YES_ERROR;
				GCC_WARN_UNDECLARED_SELECTOR = YES;
				GCC_WARN_UNINITIALIZED_AUTOS = YES_AGGRESSIVE;
				GCC_WARN_UNUSED_FUNCTION = YES;
				GCC_WARN_UNUSED_VARIABLE = YES;
				IPHONEOS_DEPLOYMENT_TARGET = 13.5;
				MTL_ENABLE_DEBUG_INFO = INCLUDE_SOURCE;
				MTL_FAST_MATH = YES;
				ONLY_ACTIVE_ARCH = YES;
				SDKROOT = iphoneos;
				SWIFT_ACTIVE_COMPILATION_CONDITIONS = DEBUG;
				SWIFT_OPTIMIZATION_LEVEL = "-Onone";
			};
			name = Debug;
		};
		5E5D8DE5248BC0D100576E34 /* Release */ = {
			isa = XCBuildConfiguration;
			buildSettings = {
				ALWAYS_SEARCH_USER_PATHS = NO;
				CLANG_ANALYZER_NONNULL = YES;
				CLANG_ANALYZER_NUMBER_OBJECT_CONVERSION = YES_AGGRESSIVE;
				CLANG_CXX_LANGUAGE_STANDARD = "gnu++14";
				CLANG_CXX_LIBRARY = "libc++";
				CLANG_ENABLE_MODULES = YES;
				CLANG_ENABLE_OBJC_ARC = YES;
				CLANG_ENABLE_OBJC_WEAK = YES;
				CLANG_WARN_BLOCK_CAPTURE_AUTORELEASING = YES;
				CLANG_WARN_BOOL_CONVERSION = YES;
				CLANG_WARN_COMMA = YES;
				CLANG_WARN_CONSTANT_CONVERSION = YES;
				CLANG_WARN_DEPRECATED_OBJC_IMPLEMENTATIONS = YES;
				CLANG_WARN_DIRECT_OBJC_ISA_USAGE = YES_ERROR;
				CLANG_WARN_DOCUMENTATION_COMMENTS = YES;
				CLANG_WARN_EMPTY_BODY = YES;
				CLANG_WARN_ENUM_CONVERSION = YES;
				CLANG_WARN_INFINITE_RECURSION = YES;
				CLANG_WARN_INT_CONVERSION = YES;
				CLANG_WARN_NON_LITERAL_NULL_CONVERSION = YES;
				CLANG_WARN_OBJC_IMPLICIT_RETAIN_SELF = YES;
				CLANG_WARN_OBJC_LITERAL_CONVERSION = YES;
				CLANG_WARN_OBJC_ROOT_CLASS = YES_ERROR;
				CLANG_WARN_RANGE_LOOP_ANALYSIS = YES;
				CLANG_WARN_STRICT_PROTOTYPES = YES;
				CLANG_WARN_SUSPICIOUS_MOVE = YES;
				CLANG_WARN_UNGUARDED_AVAILABILITY = YES_AGGRESSIVE;
				CLANG_WARN_UNREACHABLE_CODE = YES;
				CLANG_WARN__DUPLICATE_METHOD_MATCH = YES;
				COPY_PHASE_STRIP = NO;
				DEBUG_INFORMATION_FORMAT = "dwarf-with-dsym";
				ENABLE_NS_ASSERTIONS = NO;
				ENABLE_STRICT_OBJC_MSGSEND = YES;
				GCC_C_LANGUAGE_STANDARD = gnu11;
				GCC_NO_COMMON_BLOCKS = YES;
				GCC_WARN_64_TO_32_BIT_CONVERSION = YES;
				GCC_WARN_ABOUT_RETURN_TYPE = YES_ERROR;
				GCC_WARN_UNDECLARED_SELECTOR = YES;
				GCC_WARN_UNINITIALIZED_AUTOS = YES_AGGRESSIVE;
				GCC_WARN_UNUSED_FUNCTION = YES;
				GCC_WARN_UNUSED_VARIABLE = YES;
				IPHONEOS_DEPLOYMENT_TARGET = 13.5;
				MTL_ENABLE_DEBUG_INFO = NO;
				MTL_FAST_MATH = YES;
				SDKROOT = iphoneos;
				SWIFT_COMPILATION_MODE = wholemodule;
				SWIFT_OPTIMIZATION_LEVEL = "-O";
				VALIDATE_PRODUCT = YES;
			};
			name = Release;
		};
		5E5D8DE7248BC0D100576E34 /* Debug */ = {
			isa = XCBuildConfiguration;
			baseConfigurationReference = 821946333EC178FF8B461AFD /* Pods-Bangmoon.debug.xcconfig */;
			buildSettings = {
				ASSETCATALOG_COMPILER_APPICON_NAME = AppIcon;
				CODE_SIGN_STYLE = Automatic;
				DEVELOPMENT_TEAM = 78A867AHKF;
				INFOPLIST_FILE = "Bangmoon/Supporting Files/Info.plist";
				IPHONEOS_DEPLOYMENT_TARGET = 13.2;
				LD_RUNPATH_SEARCH_PATHS = (
					"$(inherited)",
					"@executable_path/Frameworks",
				);
				PRODUCT_BUNDLE_IDENTIFIER = com.bangmoon.Bangmoon;
				PRODUCT_NAME = "$(TARGET_NAME)";
				SWIFT_VERSION = 5.0;
				TARGETED_DEVICE_FAMILY = "1,2";
			};
			name = Debug;
		};
		5E5D8DE8248BC0D100576E34 /* Release */ = {
			isa = XCBuildConfiguration;
			baseConfigurationReference = CC650A4003572A0164E29605 /* Pods-Bangmoon.release.xcconfig */;
			buildSettings = {
				ASSETCATALOG_COMPILER_APPICON_NAME = AppIcon;
				CODE_SIGN_STYLE = Automatic;
				DEVELOPMENT_TEAM = 78A867AHKF;
				INFOPLIST_FILE = "Bangmoon/Supporting Files/Info.plist";
				IPHONEOS_DEPLOYMENT_TARGET = 13.2;
				LD_RUNPATH_SEARCH_PATHS = (
					"$(inherited)",
					"@executable_path/Frameworks",
				);
				PRODUCT_BUNDLE_IDENTIFIER = com.bangmoon.Bangmoon;
				PRODUCT_NAME = "$(TARGET_NAME)";
				SWIFT_VERSION = 5.0;
				TARGETED_DEVICE_FAMILY = "1,2";
			};
			name = Release;
		};
/* End XCBuildConfiguration section */

/* Begin XCConfigurationList section */
		5E5D8DCD248BC0CC00576E34 /* Build configuration list for PBXProject "Bangmoon" */ = {
			isa = XCConfigurationList;
			buildConfigurations = (
				5E5D8DE4248BC0D100576E34 /* Debug */,
				5E5D8DE5248BC0D100576E34 /* Release */,
			);
			defaultConfigurationIsVisible = 0;
			defaultConfigurationName = Release;
		};
		5E5D8DE6248BC0D100576E34 /* Build configuration list for PBXNativeTarget "Bangmoon" */ = {
			isa = XCConfigurationList;
			buildConfigurations = (
				5E5D8DE7248BC0D100576E34 /* Debug */,
				5E5D8DE8248BC0D100576E34 /* Release */,
			);
			defaultConfigurationIsVisible = 0;
			defaultConfigurationName = Release;
		};
/* End XCConfigurationList section */
	};
	rootObject = 5E5D8DCA248BC0CC00576E34 /* Project object */;
}
